
Microsoft Visual Studio Solution File, Format Version 12.00
# Visual Studio Version 17
VisualStudioVersion = 17.8.34330.188
MinimumVisualStudioVersion = 10.0.40219.1
Project("{9A19103F-16F7-4668-BE54-9A1E7A4F7556}") = "Placement", "Placement\Placement.csproj", "{7BB7902B-8E16-4C9B-8B65-42CB8BB9E68A}"
EndProject
Project("{9A19103F-16F7-4668-BE54-9A1E7A4F7556}") = "CrudWebAPI", "CrudWebAPI\CrudWebAPI.csproj", "{720AA71A-3A8C-45FB-875C-56BDB92666D4}"
EndProject
Project("{9A19103F-16F7-4668-BE54-9A1E7A4F7556}") = "Infrastructure", "Infrastructure\Infrastructure.csproj", "{C0BF3244-5A75-440A-BA00-807AA75298D4}"
EndProject
Global
	GlobalSection(SolutionConfigurationPlatforms) = preSolution
		Debug|Any CPU = Debug|Any CPU
		Release|Any CPU = Release|Any CPU
	EndGlobalSection
	GlobalSection(ProjectConfigurationPlatforms) = postSolution
		{7BB7902B-8E16-4C9B-8B65-42CB8BB9E68A}.Debug|Any CPU.ActiveCfg = Debug|Any CPU
		{7BB7902B-8E16-4C9B-8B65-42CB8BB9E68A}.Debug|Any CPU.Build.0 = Debug|Any CPU
		{7BB7902B-8E16-4C9B-8B65-42CB8BB9E68A}.Release|Any CPU.ActiveCfg = Release|Any CPU
		{7BB7902B-8E16-4C9B-8B65-42CB8BB9E68A}.Release|Any CPU.Build.0 = Release|Any CPU
		{720AA71A-3A8C-45FB-875C-56BDB92666D4}.Debug|Any CPU.ActiveCfg = Debug|Any CPU
		{720AA71A-3A8C-45FB-875C-56BDB92666D4}.Debug|Any CPU.Build.0 = Debug|Any CPU
		{720AA71A-3A8C-45FB-875C-56BDB92666D4}.Release|Any CPU.ActiveCfg = Release|Any CPU
		{720AA71A-3A8C-45FB-875C-56BDB92666D4}.Release|Any CPU.Build.0 = Release|Any CPU
		{C0BF3244-5A75-440A-BA00-807AA75298D4}.Debug|Any CPU.ActiveCfg = Debug|Any CPU
		{C0BF3244-5A75-440A-BA00-807AA75298D4}.Debug|Any CPU.Build.0 = Debug|Any CPU
		{C0BF3244-5A75-440A-BA00-807AA75298D4}.Release|Any CPU.ActiveCfg = Release|Any CPU
		{C0BF3244-5A75-440A-BA00-807AA75298D4}.Release|Any CPU.Build.0 = Release|Any CPU
	EndGlobalSection
	GlobalSection(SolutionProperties) = preSolution
		HideSolutionNode = FALSE
	EndGlobalSection
	GlobalSection(ExtensibilityGlobals) = postSolution
		SolutionGuid = {E13BFBA7-5DEE-46AC-9A2A-FDFE44684466}
	EndGlobalSection
EndGlobal
